// !$*UTF8*$!
{
	archiveVersion = 1;
	classes = {
	};
	objectVersion = 46;
	objects = {

/* Begin PBXBuildFile section */
		100999EE17185BE400F9929D /* back-button.png in Resources */ = {isa = PBXBuildFile; fileRef = 100999E517185BE400F9929D /* back-button.png */; };
		100999EF17185BE400F9929D /* back-button@2x.png in Resources */ = {isa = PBXBuildFile; fileRef = 100999E617185BE400F9929D /* back-button@2x.png */; };
		100999F017185BE400F9929D /* bar-button.png in Resources */ = {isa = PBXBuildFile; fileRef = 100999E717185BE400F9929D /* bar-button.png */; };
		100999F117185BE400F9929D /* bar-button@2x.png in Resources */ = {isa = PBXBuildFile; fileRef = 100999E817185BE400F9929D /* bar-button@2x.png */; };
		100999F317185BE400F9929D /* nav-bar.png in Resources */ = {isa = PBXBuildFile; fileRef = 100999EA17185BE400F9929D /* nav-bar.png */; };
		100999F417185BE400F9929D /* nav-bar2.png in Resources */ = {isa = PBXBuildFile; fileRef = 100999EB17185BE400F9929D /* nav-bar2.png */; };
		100999F517185BE400F9929D /* nav-bar2@2x.png in Resources */ = {isa = PBXBuildFile; fileRef = 100999EC17185BE400F9929D /* nav-bar2@2x.png */; };
		100999F617185BE400F9929D /* nav-bar@2x.png in Resources */ = {isa = PBXBuildFile; fileRef = 100999ED17185BE400F9929D /* nav-bar@2x.png */; };
		100999FC17185C4200F9929D /* SocialWebViewController.m in Sources */ = {isa = PBXBuildFile; fileRef = 100999FB17185C4200F9929D /* SocialWebViewController.m */; };
		100999FF17185C5F00F9929D /* ArticleCell.m in Sources */ = {isa = PBXBuildFile; fileRef = 100999FE17185C5F00F9929D /* ArticleCell.m */; };
		10099A0217185C7200F9929D /* Article.m in Sources */ = {isa = PBXBuildFile; fileRef = 10099A0117185C7200F9929D /* Article.m */; };
		10099A0517185C7C00F9929D /* XMLParser.m in Sources */ = {isa = PBXBuildFile; fileRef = 10099A0417185C7C00F9929D /* XMLParser.m */; };
		108C07D6171600E300F340E9 /* UIKit.framework in Frameworks */ = {isa = PBXBuildFile; fileRef = 108C07D5171600E300F340E9 /* UIKit.framework */; };
		108C07D8171600E300F340E9 /* Foundation.framework in Frameworks */ = {isa = PBXBuildFile; fileRef = 108C07D7171600E300F340E9 /* Foundation.framework */; };
		108C07DA171600E300F340E9 /* CoreGraphics.framework in Frameworks */ = {isa = PBXBuildFile; fileRef = 108C07D9171600E300F340E9 /* CoreGraphics.framework */; };
		108C07E0171600E400F340E9 /* InfoPlist.strings in Resources */ = {isa = PBXBuildFile; fileRef = 108C07DE171600E400F340E9 /* InfoPlist.strings */; };
		108C07E2171600E400F340E9 /* main.m in Sources */ = {isa = PBXBuildFile; fileRef = 108C07E1171600E400F340E9 /* main.m */; };
		108C07E6171600E400F340E9 /* AppDelegate.m in Sources */ = {isa = PBXBuildFile; fileRef = 108C07E5171600E400F340E9 /* AppDelegate.m */; };
		108C07EF171600E400F340E9 /* MainStoryboard.storyboard in Resources */ = {isa = PBXBuildFile; fileRef = 108C07ED171600E400F340E9 /* MainStoryboard.storyboard */; };
		108C07F2171600E400F340E9 /* ViewController.m in Sources */ = {isa = PBXBuildFile; fileRef = 108C07F1171600E400F340E9 /* ViewController.m */; };
		108C07F9171601E000F340E9 /* 57x57Logo.png in Resources */ = {isa = PBXBuildFile; fileRef = 108C07F8171601E000F340E9 /* 57x57Logo.png */; };
		108C07FB171601F100F340E9 /* 114x114logo.png in Resources */ = {isa = PBXBuildFile; fileRef = 108C07FA171601F100F340E9 /* 114x114logo.png */; };
		108C07FD1716021B00F340E9 /* Default.png in Resources */ = {isa = PBXBuildFile; fileRef = 108C07FC1716021B00F340E9 /* Default.png */; };
		108C07FF1716021D00F340E9 /* Default@2x.png in Resources */ = {isa = PBXBuildFile; fileRef = 108C07FE1716021D00F340E9 /* Default@2x.png */; };
		108C08011716021F00F340E9 /* Default-568h@2x.png in Resources */ = {isa = PBXBuildFile; fileRef = 108C08001716021F00F340E9 /* Default-568h@2x.png */; };
		108C0803171602C200F340E9 /* MessageUI.framework in Frameworks */ = {isa = PBXBuildFile; fileRef = 108C0802171602C200F340E9 /* MessageUI.framework */; };
		108C0805171602CA00F340E9 /* Social.framework in Frameworks */ = {isa = PBXBuildFile; fileRef = 108C0804171602CA00F340E9 /* Social.framework */; };
		10C835D4171DAD8D00C47F39 /* virginiatech-logo.jpg in Resources */ = {isa = PBXBuildFile; fileRef = 10C835D3171DAD8D00C47F39 /* virginiatech-logo.jpg */; };
/* End PBXBuildFile section */

/* Begin PBXFileReference section */
		100999E517185BE400F9929D /* back-button.png */ = {isa = PBXFileReference; lastKnownFileType = image.png; path = "back-button.png"; sourceTree = "<group>"; };
		100999E617185BE400F9929D /* back-button@2x.png */ = {isa = PBXFileReference; lastKnownFileType = image.png; path = "back-button@2x.png"; sourceTree = "<group>"; };
		100999E717185BE400F9929D /* bar-button.png */ = {isa = PBXFileReference; lastKnownFileType = image.png; path = "bar-button.png"; sourceTree = "<group>"; };
		100999E817185BE400F9929D /* bar-button@2x.png */ = {isa = PBXFileReference; lastKnownFileType = image.png; path = "bar-button@2x.png"; sourceTree = "<group>"; };
		100999EA17185BE400F9929D /* nav-bar.png */ = {isa = PBXFileReference; lastKnownFileType = image.png; path = "nav-bar.png"; sourceTree = "<group>"; };
		100999EB17185BE400F9929D /* nav-bar2.png */ = {isa = PBXFileReference; lastKnownFileType = image.png; path = "nav-bar2.png"; sourceTree = "<group>"; };
		100999EC17185BE400F9929D /* nav-bar2@2x.png */ = {isa = PBXFileReference; lastKnownFileType = image.png; path = "nav-bar2@2x.png"; sourceTree = "<group>"; };
		100999ED17185BE400F9929D /* nav-bar@2x.png */ = {isa = PBXFileReference; lastKnownFileType = image.png; path = "nav-bar@2x.png"; sourceTree = "<group>"; };
		100999FA17185C4200F9929D /* SocialWebViewController.h */ = {isa = PBXFileReference; fileEncoding = 4; lastKnownFileType = sourcecode.c.h; name = SocialWebViewController.h; path = ../SocialWebViewController.h; sourceTree = "<group>"; };
		100999FB17185C4200F9929D /* SocialWebViewController.m */ = {isa = PBXFileReference; fileEncoding = 4; lastKnownFileType = sourcecode.c.objc; name = SocialWebViewController.m; path = ../SocialWebViewController.m; sourceTree = "<group>"; };
		100999FD17185C5F00F9929D /* ArticleCell.h */ = {isa = PBXFileReference; fileEncoding = 4; lastKnownFileType = sourcecode.c.h; name = ArticleCell.h; path = ../ArticleCell.h; sourceTree = "<group>"; };
		100999FE17185C5F00F9929D /* ArticleCell.m */ = {isa = PBXFileReference; fileEncoding = 4; lastKnownFileType = sourcecode.c.objc; name = ArticleCell.m; path = ../ArticleCell.m; sourceTree = "<group>"; };
		10099A0017185C7200F9929D /* Article.h */ = {isa = PBXFileReference; fileEncoding = 4; lastKnownFileType = sourcecode.c.h; name = Article.h; path = ../Article.h; sourceTree = "<group>"; };
		10099A0117185C7200F9929D /* Article.m */ = {isa = PBXFileReference; fileEncoding = 4; lastKnownFileType = sourcecode.c.objc; name = Article.m; path = ../Article.m; sourceTree = "<group>"; };
		10099A0317185C7C00F9929D /* XMLParser.h */ = {isa = PBXFileReference; fileEncoding = 4; lastKnownFileType = sourcecode.c.h; name = XMLParser.h; path = ../XMLParser.h; sourceTree = "<group>"; };
		10099A0417185C7C00F9929D /* XMLParser.m */ = {isa = PBXFileReference; fileEncoding = 4; lastKnownFileType = sourcecode.c.objc; name = XMLParser.m; path = ../XMLParser.m; sourceTree = "<group>"; };
		108C07D2171600E300F340E9 /* VTFeeds.app */ = {isa = PBXFileReference; explicitFileType = wrapper.application; includeInIndex = 0; path = VTFeeds.app; sourceTree = BUILT_PRODUCTS_DIR; };
		108C07D5171600E300F340E9 /* UIKit.framework */ = {isa = PBXFileReference; lastKnownFileType = wrapper.framework; name = UIKit.framework; path = System/Library/Frameworks/UIKit.framework; sourceTree = SDKROOT; };
		108C07D7171600E300F340E9 /* Foundation.framework */ = {isa = PBXFileReference; lastKnownFileType = wrapper.framework; name = Foundation.framework; path = System/Library/Frameworks/Foundation.framework; sourceTree = SDKROOT; };
		108C07D9171600E300F340E9 /* CoreGraphics.framework */ = {isa = PBXFileReference; lastKnownFileType = wrapper.framework; name = CoreGraphics.framework; path = System/Library/Frameworks/CoreGraphics.framework; sourceTree = SDKROOT; };
		108C07DD171600E300F340E9 /* VTFeeds-Info.plist */ = {isa = PBXFileReference; lastKnownFileType = text.plist.xml; path = "VTFeeds-Info.plist"; sourceTree = "<group>"; };
		108C07DF171600E400F340E9 /* en */ = {isa = PBXFileReference; lastKnownFileType = text.plist.strings; name = en; path = en.lproj/InfoPlist.strings; sourceTree = "<group>"; };
		108C07E1171600E400F340E9 /* main.m */ = {isa = PBXFileReference; lastKnownFileType = sourcecode.c.objc; path = main.m; sourceTree = "<group>"; };
		108C07E3171600E400F340E9 /* VTFeeds-Prefix.pch */ = {isa = PBXFileReference; lastKnownFileType = sourcecode.c.h; path = "VTFeeds-Prefix.pch"; sourceTree = "<group>"; };
		108C07E4171600E400F340E9 /* AppDelegate.h */ = {isa = PBXFileReference; lastKnownFileType = sourcecode.c.h; path = AppDelegate.h; sourceTree = "<group>"; };
		108C07E5171600E400F340E9 /* AppDelegate.m */ = {isa = PBXFileReference; lastKnownFileType = sourcecode.c.objc; path = AppDelegate.m; sourceTree = "<group>"; };
		108C07E7171600E400F340E9 /* Default.png */ = {isa = PBXFileReference; lastKnownFileType = image.png; path = Default.png; sourceTree = "<group>"; };
		108C07E9171600E400F340E9 /* Default@2x.png */ = {isa = PBXFileReference; lastKnownFileType = image.png; path = "Default@2x.png"; sourceTree = "<group>"; };
		108C07EB171600E400F340E9 /* Default-568h@2x.png */ = {isa = PBXFileReference; lastKnownFileType = image.png; path = "Default-568h@2x.png"; sourceTree = "<group>"; };
		108C07EE171600E400F340E9 /* en */ = {isa = PBXFileReference; lastKnownFileType = file.storyboard; name = en; path = en.lproj/MainStoryboard.storyboard; sourceTree = "<group>"; };
		108C07F0171600E400F340E9 /* ViewController.h */ = {isa = PBXFileReference; lastKnownFileType = sourcecode.c.h; path = ViewController.h; sourceTree = "<group>"; };
		108C07F1171600E400F340E9 /* ViewController.m */ = {isa = PBXFileReference; lastKnownFileType = sourcecode.c.objc; path = ViewController.m; sourceTree = "<group>"; };
		108C07F8171601E000F340E9 /* 57x57Logo.png */ = {isa = PBXFileReference; lastKnownFileType = image.png; path = 57x57Logo.png; sourceTree = "<group>"; };
		108C07FA171601F100F340E9 /* 114x114logo.png */ = {isa = PBXFileReference; lastKnownFileType = image.png; path = 114x114logo.png; sourceTree = "<group>"; };
		108C07FC1716021B00F340E9 /* Default.png */ = {isa = PBXFileReference; lastKnownFileType = image.png; path = Default.png; sourceTree = "<group>"; };
		108C07FE1716021D00F340E9 /* Default@2x.png */ = {isa = PBXFileReference; lastKnownFileType = image.png; path = "Default@2x.png"; sourceTree = "<group>"; };
		108C08001716021F00F340E9 /* Default-568h@2x.png */ = {isa = PBXFileReference; lastKnownFileType = image.png; path = "Default-568h@2x.png"; sourceTree = "<group>"; };
		108C0802171602C200F340E9 /* MessageUI.framework */ = {isa = PBXFileReference; lastKnownFileType = wrapper.framework; name = MessageUI.framework; path = System/Library/Frameworks/MessageUI.framework; sourceTree = SDKROOT; };
		108C0804171602CA00F340E9 /* Social.framework */ = {isa = PBXFileReference; lastKnownFileType = wrapper.framework; name = Social.framework; path = System/Library/Frameworks/Social.framework; sourceTree = SDKROOT; };
		10C835D3171DAD8D00C47F39 /* virginiatech-logo.jpg */ = {isa = PBXFileReference; lastKnownFileType = image.jpeg; path = "virginiatech-logo.jpg"; sourceTree = "<group>"; };
/* End PBXFileReference section */

/* Begin PBXFrameworksBuildPhase section */
		108C07CF171600E300F340E9 /* Frameworks */ = {
			isa = PBXFrameworksBuildPhase;
			buildActionMask = 2147483647;
			files = (
				108C0805171602CA00F340E9 /* Social.framework in Frameworks */,
				108C0803171602C200F340E9 /* MessageUI.framework in Frameworks */,
				108C07D6171600E300F340E9 /* UIKit.framework in Frameworks */,
				108C07D8171600E300F340E9 /* Foundation.framework in Frameworks */,
				108C07DA171600E300F340E9 /* CoreGraphics.framework in Frameworks */,
			);
			runOnlyForDeploymentPostprocessing = 0;
		};
/* End PBXFrameworksBuildPhase section */

/* Begin PBXGroup section */
		100999E417185BE400F9929D /* UIImages */ = {
			isa = PBXGroup;
			children = (
				100999E517185BE400F9929D /* back-button.png */,
				100999E617185BE400F9929D /* back-button@2x.png */,
				100999E717185BE400F9929D /* bar-button.png */,
				100999E817185BE400F9929D /* bar-button@2x.png */,
				100999EA17185BE400F9929D /* nav-bar.png */,
				100999EB17185BE400F9929D /* nav-bar2.png */,
				100999EC17185BE400F9929D /* nav-bar2@2x.png */,
				100999ED17185BE400F9929D /* nav-bar@2x.png */,
			);
			path = UIImages;
			sourceTree = "<group>";
		};
		100999F717185BF700F9929D /* View Controllers */ = {
			isa = PBXGroup;
			children = (
				100999FA17185C4200F9929D /* SocialWebViewController.h */,
				100999FB17185C4200F9929D /* SocialWebViewController.m */,
				108C07F0171600E400F340E9 /* ViewController.h */,
				108C07F1171600E400F340E9 /* ViewController.m */,
			);
			name = "View Controllers";
			sourceTree = "<group>";
		};
		100999F817185C0300F9929D /* Article Classes */ = {
			isa = PBXGroup;
			children = (
				10099A0017185C7200F9929D /* Article.h */,
				10099A0117185C7200F9929D /* Article.m */,
				100999FD17185C5F00F9929D /* ArticleCell.h */,
				100999FE17185C5F00F9929D /* ArticleCell.m */,
			);
			name = "Article Classes";
			sourceTree = "<group>";
		};
		100999F917185C0D00F9929D /* Parser */ = {
			isa = PBXGroup;
			children = (
				10099A0317185C7C00F9929D /* XMLParser.h */,
				10099A0417185C7C00F9929D /* XMLParser.m */,
			);
			name = Parser;
			sourceTree = "<group>";
		};
		108C07C9171600E300F340E9 = {
			isa = PBXGroup;
			children = (
				10C835D3171DAD8D00C47F39 /* virginiatech-logo.jpg */,
				100999E417185BE400F9929D /* UIImages */,
				108C08001716021F00F340E9 /* Default-568h@2x.png */,
				108C07FE1716021D00F340E9 /* Default@2x.png */,
				108C07FC1716021B00F340E9 /* Default.png */,
				108C07FA171601F100F340E9 /* 114x114logo.png */,
				108C07F8171601E000F340E9 /* 57x57Logo.png */,
				108C07DB171600E300F340E9 /* VTFeeds */,
				108C07D4171600E300F340E9 /* Frameworks */,
				108C07D3171600E300F340E9 /* Products */,
			);
			sourceTree = "<group>";
		};
		108C07D3171600E300F340E9 /* Products */ = {
			isa = PBXGroup;
			children = (
				108C07D2171600E300F340E9 /* VTFeeds.app */,
			);
			name = Products;
			sourceTree = "<group>";
		};
		108C07D4171600E300F340E9 /* Frameworks */ = {
			isa = PBXGroup;
			children = (
				108C0804171602CA00F340E9 /* Social.framework */,
				108C0802171602C200F340E9 /* MessageUI.framework */,
				108C07D5171600E300F340E9 /* UIKit.framework */,
				108C07D7171600E300F340E9 /* Foundation.framework */,
				108C07D9171600E300F340E9 /* CoreGraphics.framework */,
			);
			name = Frameworks;
			sourceTree = "<group>";
		};
		108C07DB171600E300F340E9 /* VTFeeds */ = {
			isa = PBXGroup;
			children = (
				100999F917185C0D00F9929D /* Parser */,
				100999F817185C0300F9929D /* Article Classes */,
				100999F717185BF700F9929D /* View Controllers */,
				108C07E4171600E400F340E9 /* AppDelegate.h */,
				108C07E5171600E400F340E9 /* AppDelegate.m */,
				108C07ED171600E400F340E9 /* MainStoryboard.storyboard */,
				108C07DC171600E300F340E9 /* Supporting Files */,
			);
			path = VTFeeds;
			sourceTree = "<group>";
		};
		108C07DC171600E300F340E9 /* Supporting Files */ = {
			isa = PBXGroup;
			children = (
				108C07DD171600E300F340E9 /* VTFeeds-Info.plist */,
				108C07DE171600E400F340E9 /* InfoPlist.strings */,
				108C07E1171600E400F340E9 /* main.m */,
				108C07E3171600E400F340E9 /* VTFeeds-Prefix.pch */,
				108C07E7171600E400F340E9 /* Default.png */,
				108C07E9171600E400F340E9 /* Default@2x.png */,
				108C07EB171600E400F340E9 /* Default-568h@2x.png */,
			);
			name = "Supporting Files";
			sourceTree = "<group>";
		};
/* End PBXGroup section */

/* Begin PBXNativeTarget section */
		108C07D1171600E300F340E9 /* VTFeeds */ = {
			isa = PBXNativeTarget;
			buildConfigurationList = 108C07F5171600E400F340E9 /* Build configuration list for PBXNativeTarget "VTFeeds" */;
			buildPhases = (
				108C07CE171600E300F340E9 /* Sources */,
				108C07CF171600E300F340E9 /* Frameworks */,
				108C07D0171600E300F340E9 /* Resources */,
			);
			buildRules = (
			);
			dependencies = (
			);
			name = VTFeeds;
			productName = VTFeeds;
			productReference = 108C07D2171600E300F340E9 /* VTFeeds.app */;
			productType = "com.apple.product-type.application";
		};
/* End PBXNativeTarget section */

/* Begin PBXProject section */
		108C07CA171600E300F340E9 /* Project object */ = {
			isa = PBXProject;
			attributes = {
				LastUpgradeCheck = 0460;
				ORGANIZATIONNAME = "Vincent Ngo";
			};
			buildConfigurationList = 108C07CD171600E300F340E9 /* Build configuration list for PBXProject "VTFeeds" */;
			compatibilityVersion = "Xcode 3.2";
			developmentRegion = English;
			hasScannedForEncodings = 0;
			knownRegions = (
				en,
			);
			mainGroup = 108C07C9171600E300F340E9;
			productRefGroup = 108C07D3171600E300F340E9 /* Products */;
			projectDirPath = "";
			projectRoot = "";
			targets = (
				108C07D1171600E300F340E9 /* VTFeeds */,
			);
		};
/* End PBXProject section */

/* Begin PBXResourcesBuildPhase section */
		108C07D0171600E300F340E9 /* Resources */ = {
			isa = PBXResourcesBuildPhase;
			buildActionMask = 2147483647;
			files = (
				108C07E0171600E400F340E9 /* InfoPlist.strings in Resources */,
				108C07EF171600E400F340E9 /* MainStoryboard.storyboard in Resources */,
				108C07F9171601E000F340E9 /* 57x57Logo.png in Resources */,
				108C07FB171601F100F340E9 /* 114x114logo.png in Resources */,
				108C07FD1716021B00F340E9 /* Default.png in Resources */,
				108C07FF1716021D00F340E9 /* Default@2x.png in Resources */,
				108C08011716021F00F340E9 /* Default-568h@2x.png in Resources */,
				100999EE17185BE400F9929D /* back-button.png in Resources */,
				100999EF17185BE400F9929D /* back-button@2x.png in Resources */,
				100999F017185BE400F9929D /* bar-button.png in Resources */,
				100999F117185BE400F9929D /* bar-button@2x.png in Resources */,
				100999F317185BE400F9929D /* nav-bar.png in Resources */,
				100999F417185BE400F9929D /* nav-bar2.png in Resources */,
				100999F517185BE400F9929D /* nav-bar2@2x.png in Resources */,
				100999F617185BE400F9929D /* nav-bar@2x.png in Resources */,
				10C835D4171DAD8D00C47F39 /* virginiatech-logo.jpg in Resources */,
			);
			runOnlyForDeploymentPostprocessing = 0;
		};
/* End PBXResourcesBuildPhase section */

/* Begin PBXSourcesBuildPhase section */
		108C07CE171600E300F340E9 /* Sources */ = {
			isa = PBXSourcesBuildPhase;
			buildActionMask = 2147483647;
			files = (
				108C07E2171600E400F340E9 /* main.m in Sources */,
				108C07E6171600E400F340E9 /* AppDelegate.m in Sources */,
				108C07F2171600E400F340E9 /* ViewController.m in Sources */,
				100999FC17185C4200F9929D /* SocialWebViewController.m in Sources */,
				100999FF17185C5F00F9929D /* ArticleCell.m in Sources */,
				10099A0217185C7200F9929D /* Article.m in Sources */,
				10099A0517185C7C00F9929D /* XMLParser.m in Sources */,
			);
			runOnlyForDeploymentPostprocessing = 0;
		};
/* End PBXSourcesBuildPhase section */

/* Begin PBXVariantGroup section */
		108C07DE171600E400F340E9 /* InfoPlist.strings */ = {
			isa = PBXVariantGroup;
			children = (
				108C07DF171600E400F340E9 /* en */,
			);
			name = InfoPlist.strings;
			sourceTree = "<group>";
		};
		108C07ED171600E400F340E9 /* MainStoryboard.storyboard */ = {
			isa = PBXVariantGroup;
			children = (
				108C07EE171600E400F340E9 /* en */,
			);
			name = MainStoryboard.storyboard;
			sourceTree = "<group>";
		};
/* End PBXVariantGroup section */

/* Begin XCBuildConfiguration section */
		108C07F3171600E400F340E9 /* Debug */ = {
			isa = XCBuildConfiguration;
			buildSettings = {
				ALWAYS_SEARCH_USER_PATHS = NO;
				CLANG_CXX_LANGUAGE_STANDARD = "gnu++0x";
				CLANG_CXX_LIBRARY = "libc++";
				CLANG_ENABLE_OBJC_ARC = YES;
				CLANG_WARN_CONSTANT_CONVERSION = YES;
				CLANG_WARN_EMPTY_BODY = YES;
				CLANG_WARN_ENUM_CONVERSION = YES;
				CLANG_WARN_INT_CONVERSION = YES;
				CLANG_WARN__DUPLICATE_METHOD_MATCH = YES;
				"CODE_SIGN_IDENTITY[sdk=iphoneos*]" = "iPhone Developer";
				COPY_PHASE_STRIP = NO;
				GCC_C_LANGUAGE_STANDARD = gnu99;
				GCC_DYNAMIC_NO_PIC = NO;
				GCC_OPTIMIZATION_LEVEL = 0;
				GCC_PREPROCESSOR_DEFINITIONS = (
					"DEBUG=1",
					"$(inherited)",
				);
				GCC_SYMBOLS_PRIVATE_EXTERN = NO;
				GCC_WARN_ABOUT_RETURN_TYPE = YES;
				GCC_WARN_UNINITIALIZED_AUTOS = YES;
				GCC_WARN_UNUSED_VARIABLE = YES;
				IPHONEOS_DEPLOYMENT_TARGET = 6.1;
				ONLY_ACTIVE_ARCH = YES;
				SDKROOT = iphoneos;
			};
			name = Debug;
		};
		108C07F4171600E400F340E9 /* Release */ = {
			isa = XCBuildConfiguration;
			buildSettings = {
				ALWAYS_SEARCH_USER_PATHS = NO;
				CLANG_CXX_LANGUAGE_STANDARD = "gnu++0x";
				CLANG_CXX_LIBRARY = "libc++";
				CLANG_ENABLE_OBJC_ARC = YES;
				CLANG_WARN_CONSTANT_CONVERSION = YES;
				CLANG_WARN_EMPTY_BODY = YES;
				CLANG_WARN_ENUM_CONVERSION = YES;
				CLANG_WARN_INT_CONVERSION = YES;
				CLANG_WARN__DUPLICATE_METHOD_MATCH = YES;
				"CODE_SIGN_IDENTITY[sdk=iphoneos*]" = "iPhone Developer";
				COPY_PHASE_STRIP = YES;
				GCC_C_LANGUAGE_STANDARD = gnu99;
				GCC_WARN_ABOUT_RETURN_TYPE = YES;
				GCC_WARN_UNINITIALIZED_AUTOS = YES;
				GCC_WARN_UNUSED_VARIABLE = YES;
				IPHONEOS_DEPLOYMENT_TARGET = 6.1;
				OTHER_CFLAGS = "-DNS_BLOCK_ASSERTIONS=1";
				SDKROOT = iphoneos;
				VALIDATE_PRODUCT = YES;
			};
			name = Release;
		};
		108C07F6171600E400F340E9 /* Debug */ = {
			isa = XCBuildConfiguration;
			buildSettings = {
				GCC_PRECOMPILE_PREFIX_HEADER = YES;
				GCC_PREFIX_HEADER = "VTFeeds/VTFeeds-Prefix.pch";
				INFOPLIST_FILE = "VTFeeds/VTFeeds-Info.plist";
				PRODUCT_NAME = "$(TARGET_NAME)";
				WRAPPER_EXTENSION = app;
			};
			name = Debug;
		};
		108C07F7171600E400F340E9 /* Release */ = {
			isa = XCBuildConfiguration;
			buildSettings = {
				GCC_PRECOMPILE_PREFIX_HEADER = YES;
				GCC_PREFIX_HEADER = "VTFeeds/VTFeeds-Prefix.pch";
				INFOPLIST_FILE = "VTFeeds/VTFeeds-Info.plist";
				PRODUCT_NAME = "$(TARGET_NAME)";
				WRAPPER_EXTENSION = app;
			};
			name = Release;
		};
/* End XCBuildConfiguration section */

/* Begin XCConfigurationList section */
		108C07CD171600E300F340E9 /* Build configuration list for PBXProject "VTFeeds" */ = {
			isa = XCConfigurationList;
			buildConfigurations = (
				108C07F3171600E400F340E9 /* Debug */,
				108C07F4171600E400F340E9 /* Release */,
			);
			defaultConfigurationIsVisible = 0;
			defaultConfigurationName = Release;
		};
		108C07F5171600E400F340E9 /* Build configuration list for PBXNativeTarget "VTFeeds" */ = {
			isa = XCConfigurationList;
			buildConfigurations = (
				108C07F6171600E400F340E9 /* Debug */,
				108C07F7171600E400F340E9 /* Release */,
			);
			defaultConfigurationIsVisible = 0;
			defaultConfigurationName = Release;
		};
/* End XCConfigurationList section */
	};
	rootObject = 108C07CA171600E300F340E9 /* Project object */;
}
